
Microsoft Visual Studio Solution File, Format Version 12.00
# Visual Studio Version 17
VisualStudioVersion = 17.11.35303.130
MinimumVisualStudioVersion = 10.0.40219.1
Project("{8BC9CEB8-8B4A-11D0-8D11-00A0C91BC942}") = "xin_saolei", "xin_saolei\xin_saolei.vcxproj", "{E025BAB5-E53B-4D00-82EE-D60EC07C1B34}"
EndProject
Global
	GlobalSection(SolutionConfigurationPlatforms) = preSolution
		Debug|x64 = Debug|x64
		Debug|x86 = Debug|x86
		Release|x64 = Release|x64
		Release|x86 = Release|x86
	EndGlobalSection
	GlobalSection(ProjectConfigurationPlatforms) = postSolution
		{E025BAB5-E53B-4D00-82EE-D60EC07C1B34}.Debug|x64.ActiveCfg = Debug|x64
		{E025BAB5-E53B-4D00-82EE-D60EC07C1B34}.Debug|x64.Build.0 = Debug|x64
		{E025BAB5-E53B-4D00-82EE-D60EC07C1B34}.Debug|x86.ActiveCfg = Debug|Win32
		{E025BAB5-E53B-4D00-82EE-D60EC07C1B34}.Debug|x86.Build.0 = Debug|Win32
		{E025BAB5-E53B-4D00-82EE-D60EC07C1B34}.Release|x64.ActiveCfg = Release|x64
		{E025BAB5-E53B-4D00-82EE-D60EC07C1B34}.Release|x64.Build.0 = Release|x64
		{E025BAB5-E53B-4D00-82EE-D60EC07C1B34}.Release|x86.ActiveCfg = Release|Win32
		{E025BAB5-E53B-4D00-82EE-D60EC07C1B34}.Release|x86.Build.0 = Release|Win32
	EndGlobalSection
	GlobalSection(SolutionProperties) = preSolution
		HideSolutionNode = FALSE
	EndGlobalSection
	GlobalSection(ExtensibilityGlobals) = postSolution
		SolutionGuid = {B3453CB8-C8CE-40B1-9C53-D6DA152556C2}
	EndGlobalSection
EndGlobal
